// !$*UTF8*$!
{
	archiveVersion = 1;
	classes = {
	};
	objectVersion = 46;
	objects = {

/* Begin PBXBuildFile section */
		A982C34F160392D400273C9D /* UIKit.framework in Frameworks */ = {isa = PBXBuildFile; fileRef = A982C34E160392D400273C9D /* UIKit.framework */; };
		A982C351160392D400273C9D /* Foundation.framework in Frameworks */ = {isa = PBXBuildFile; fileRef = A982C350160392D400273C9D /* Foundation.framework */; };
		A982C353160392D400273C9D /* CoreGraphics.framework in Frameworks */ = {isa = PBXBuildFile; fileRef = A982C352160392D400273C9D /* CoreGraphics.framework */; };
		A982C359160392D400273C9D /* InfoPlist.strings in Resources */ = {isa = PBXBuildFile; fileRef = A982C357160392D400273C9D /* InfoPlist.strings */; };
		A982C35B160392D400273C9D /* main.m in Sources */ = {isa = PBXBuildFile; fileRef = A982C35A160392D400273C9D /* main.m */; };
		A982C35F160392D400273C9D /* AppDelegate.m in Sources */ = {isa = PBXBuildFile; fileRef = A982C35E160392D400273C9D /* AppDelegate.m */; };
		A982C362160392D400273C9D /* ViewController.m in Sources */ = {isa = PBXBuildFile; fileRef = A982C361160392D400273C9D /* ViewController.m */; };
		A982C365160392D400273C9D /* ViewController.xib in Resources */ = {isa = PBXBuildFile; fileRef = A982C363160392D400273C9D /* ViewController.xib */; };
/* End PBXBuildFile section */

/* Begin PBXFileReference section */
		A982C34A160392D400273C9D /* aviary_sample.app */ = {isa = PBXFileReference; explicitFileType = wrapper.application; includeInIndex = 0; path = aviary_sample.app; sourceTree = BUILT_PRODUCTS_DIR; };
		A982C34E160392D400273C9D /* UIKit.framework */ = {isa = PBXFileReference; lastKnownFileType = wrapper.framework; name = UIKit.framework; path = System/Library/Frameworks/UIKit.framework; sourceTree = SDKROOT; };
		A982C350160392D400273C9D /* Foundation.framework */ = {isa = PBXFileReference; lastKnownFileType = wrapper.framework; name = Foundation.framework; path = System/Library/Frameworks/Foundation.framework; sourceTree = SDKROOT; };
		A982C352160392D400273C9D /* CoreGraphics.framework */ = {isa = PBXFileReference; lastKnownFileType = wrapper.framework; name = CoreGraphics.framework; path = System/Library/Frameworks/CoreGraphics.framework; sourceTree = SDKROOT; };
		A982C356160392D400273C9D /* aviary_sample-Info.plist */ = {isa = PBXFileReference; lastKnownFileType = text.plist.xml; path = "aviary_sample-Info.plist"; sourceTree = "<group>"; };
		A982C358160392D400273C9D /* en */ = {isa = PBXFileReference; lastKnownFileType = text.plist.strings; name = en; path = en.lproj/InfoPlist.strings; sourceTree = "<group>"; };
		A982C35A160392D400273C9D /* main.m */ = {isa = PBXFileReference; lastKnownFileType = sourcecode.c.objc; path = main.m; sourceTree = "<group>"; };
		A982C35C160392D400273C9D /* aviary_sample-Prefix.pch */ = {isa = PBXFileReference; lastKnownFileType = sourcecode.c.h; path = "aviary_sample-Prefix.pch"; sourceTree = "<group>"; };
		A982C35D160392D400273C9D /* AppDelegate.h */ = {isa = PBXFileReference; lastKnownFileType = sourcecode.c.h; path = AppDelegate.h; sourceTree = "<group>"; };
		A982C35E160392D400273C9D /* AppDelegate.m */ = {isa = PBXFileReference; lastKnownFileType = sourcecode.c.objc; path = AppDelegate.m; sourceTree = "<group>"; };
		A982C360160392D400273C9D /* ViewController.h */ = {isa = PBXFileReference; lastKnownFileType = sourcecode.c.h; path = ViewController.h; sourceTree = "<group>"; };
		A982C361160392D400273C9D /* ViewController.m */ = {isa = PBXFileReference; lastKnownFileType = sourcecode.c.objc; path = ViewController.m; sourceTree = "<group>"; };
		A982C364160392D400273C9D /* en */ = {isa = PBXFileReference; lastKnownFileType = file.xib; name = en; path = en.lproj/ViewController.xib; sourceTree = "<group>"; };
/* End PBXFileReference section */

/* Begin PBXFrameworksBuildPhase section */
		A982C347160392D400273C9D /* Frameworks */ = {
			isa = PBXFrameworksBuildPhase;
			buildActionMask = 2147483647;
			files = (
				A982C34F160392D400273C9D /* UIKit.framework in Frameworks */,
				A982C351160392D400273C9D /* Foundation.framework in Frameworks */,
				A982C353160392D400273C9D /* CoreGraphics.framework in Frameworks */,
			);
			runOnlyForDeploymentPostprocessing = 0;
		};
/* End PBXFrameworksBuildPhase section */

/* Begin PBXGroup section */
		A982C33F160392D400273C9D = {
			isa = PBXGroup;
			children = (
				A982C354160392D400273C9D /* aviary_sample */,
				A982C34D160392D400273C9D /* Frameworks */,
				A982C34B160392D400273C9D /* Products */,
			);
			sourceTree = "<group>";
		};
		A982C34B160392D400273C9D /* Products */ = {
			isa = PBXGroup;
			children = (
				A982C34A160392D400273C9D /* aviary_sample.app */,
			);
			name = Products;
			sourceTree = "<group>";
		};
		A982C34D160392D400273C9D /* Frameworks */ = {
			isa = PBXGroup;
			children = (
				A982C34E160392D400273C9D /* UIKit.framework */,
				A982C350160392D400273C9D /* Foundation.framework */,
				A982C352160392D400273C9D /* CoreGraphics.framework */,
			);
			name = Frameworks;
			sourceTree = "<group>";
		};
		A982C354160392D400273C9D /* aviary_sample */ = {
			isa = PBXGroup;
			children = (
				A982C35D160392D400273C9D /* AppDelegate.h */,
				A982C35E160392D400273C9D /* AppDelegate.m */,
				A982C360160392D400273C9D /* ViewController.h */,
				A982C361160392D400273C9D /* ViewController.m */,
				A982C363160392D400273C9D /* ViewController.xib */,
				A982C355160392D400273C9D /* Supporting Files */,
			);
			path = aviary_sample;
			sourceTree = "<group>";
		};
		A982C355160392D400273C9D /* Supporting Files */ = {
			isa = PBXGroup;
			children = (
				A982C356160392D400273C9D /* aviary_sample-Info.plist */,
				A982C357160392D400273C9D /* InfoPlist.strings */,
				A982C35A160392D400273C9D /* main.m */,
				A982C35C160392D400273C9D /* aviary_sample-Prefix.pch */,
			);
			name = "Supporting Files";
			sourceTree = "<group>";
		};
/* End PBXGroup section */

/* Begin PBXNativeTarget section */
		A982C349160392D400273C9D /* aviary_sample */ = {
			isa = PBXNativeTarget;
			buildConfigurationList = A982C368160392D400273C9D /* Build configuration list for PBXNativeTarget "aviary_sample" */;
			buildPhases = (
				A982C346160392D400273C9D /* Sources */,
				A982C347160392D400273C9D /* Frameworks */,
				A982C348160392D400273C9D /* Resources */,
			);
			buildRules = (
			);
			dependencies = (
			);
			name = aviary_sample;
			productName = aviary_sample;
			productReference = A982C34A160392D400273C9D /* aviary_sample.app */;
			productType = "com.apple.product-type.application";
		};
/* End PBXNativeTarget section */

/* Begin PBXProject section */
		A982C341160392D400273C9D /* Project object */ = {
			isa = PBXProject;
			attributes = {
				LastUpgradeCheck = 0440;
				ORGANIZATIONNAME = Sapp;
			};
			buildConfigurationList = A982C344160392D400273C9D /* Build configuration list for PBXProject "aviary_sample" */;
			compatibilityVersion = "Xcode 3.2";
			developmentRegion = English;
			hasScannedForEncodings = 0;
			knownRegions = (
				en,
			);
			mainGroup = A982C33F160392D400273C9D;
			productRefGroup = A982C34B160392D400273C9D /* Products */;
			projectDirPath = "";
			projectRoot = "";
			targets = (
				A982C349160392D400273C9D /* aviary_sample */,
			);
		};
/* End PBXProject section */

/* Begin PBXResourcesBuildPhase section */
		A982C348160392D400273C9D /* Resources */ = {
			isa = PBXResourcesBuildPhase;
			buildActionMask = 2147483647;
			files = (
				A982C359160392D400273C9D /* InfoPlist.strings in Resources */,
				A982C365160392D400273C9D /* ViewController.xib in Resources */,
			);
			runOnlyForDeploymentPostprocessing = 0;
		};
/* End PBXResourcesBuildPhase section */

/* Begin PBXSourcesBuildPhase section */
		A982C346160392D400273C9D /* Sources */ = {
			isa = PBXSourcesBuildPhase;
			buildActionMask = 2147483647;
			files = (
				A982C35B160392D400273C9D /* main.m in Sources */,
				A982C35F160392D400273C9D /* AppDelegate.m in Sources */,
				A982C362160392D400273C9D /* ViewController.m in Sources */,
			);
			runOnlyForDeploymentPostprocessing = 0;
		};
/* End PBXSourcesBuildPhase section */

/* Begin PBXVariantGroup section */
		A982C357160392D400273C9D /* InfoPlist.strings */ = {
			isa = PBXVariantGroup;
			children = (
				A982C358160392D400273C9D /* en */,
			);
			name = InfoPlist.strings;
			sourceTree = "<group>";
		};
		A982C363160392D400273C9D /* ViewController.xib */ = {
			isa = PBXVariantGroup;
			children = (
				A982C364160392D400273C9D /* en */,
			);
			name = ViewController.xib;
			sourceTree = "<group>";
		};
/* End PBXVariantGroup section */

/* Begin XCBuildConfiguration section */
		A982C366160392D400273C9D /* Debug */ = {
			isa = XCBuildConfiguration;
			buildSettings = {
				ALWAYS_SEARCH_USER_PATHS = NO;
				ARCHS = "$(ARCHS_STANDARD_32_BIT)";
				CLANG_CXX_LANGUAGE_STANDARD = "gnu++0x";
				CLANG_WARN__DUPLICATE_METHOD_MATCH = YES;
				"CODE_SIGN_IDENTITY[sdk=iphoneos*]" = "iPhone Developer";
				COPY_PHASE_STRIP = NO;
				GCC_C_LANGUAGE_STANDARD = gnu99;
				GCC_DYNAMIC_NO_PIC = NO;
				GCC_OPTIMIZATION_LEVEL = 0;
				GCC_PREPROCESSOR_DEFINITIONS = (
					"DEBUG=1",
					"$(inherited)",
				);
				GCC_SYMBOLS_PRIVATE_EXTERN = NO;
				GCC_VERSION = com.apple.compilers.llvm.clang.1_0;
				GCC_WARN_ABOUT_RETURN_TYPE = YES;
				GCC_WARN_UNINITIALIZED_AUTOS = YES;
				GCC_WARN_UNUSED_VARIABLE = YES;
				IPHONEOS_DEPLOYMENT_TARGET = 5.1;
				SDKROOT = iphoneos;
			};
			name = Debug;
		};
		A982C367160392D400273C9D /* Release */ = {
			isa = XCBuildConfiguration;
			buildSettings = {
				ALWAYS_SEARCH_USER_PATHS = NO;
				ARCHS = "$(ARCHS_STANDARD_32_BIT)";
				CLANG_CXX_LANGUAGE_STANDARD = "gnu++0x";
				CLANG_WARN__DUPLICATE_METHOD_MATCH = YES;
				"CODE_SIGN_IDENTITY[sdk=iphoneos*]" = "iPhone Developer";
				COPY_PHASE_STRIP = YES;
				GCC_C_LANGUAGE_STANDARD = gnu99;
				GCC_VERSION = com.apple.compilers.llvm.clang.1_0;
				GCC_WARN_ABOUT_RETURN_TYPE = YES;
				GCC_WARN_UNINITIALIZED_AUTOS = YES;
				GCC_WARN_UNUSED_VARIABLE = YES;
				IPHONEOS_DEPLOYMENT_TARGET = 5.1;
				OTHER_CFLAGS = "-DNS_BLOCK_ASSERTIONS=1";
				SDKROOT = iphoneos;
				VALIDATE_PRODUCT = YES;
			};
			name = Release;
		};
		A982C369160392D400273C9D /* Debug */ = {
			isa = XCBuildConfiguration;
			buildSettings = {
				GCC_PRECOMPILE_PREFIX_HEADER = YES;
				GCC_PREFIX_HEADER = "aviary_sample/aviary_sample-Prefix.pch";
				INFOPLIST_FILE = "aviary_sample/aviary_sample-Info.plist";
				PRODUCT_NAME = "$(TARGET_NAME)";
				WRAPPER_EXTENSION = app;
			};
			name = Debug;
		};
		A982C36A160392D400273C9D /* Release */ = {
			isa = XCBuildConfiguration;
			buildSettings = {
				GCC_PRECOMPILE_PREFIX_HEADER = YES;
				GCC_PREFIX_HEADER = "aviary_sample/aviary_sample-Prefix.pch";
				INFOPLIST_FILE = "aviary_sample/aviary_sample-Info.plist";
				PRODUCT_NAME = "$(TARGET_NAME)";
				WRAPPER_EXTENSION = app;
			};
			name = Release;
		};
/* End XCBuildConfiguration section */

/* Begin XCConfigurationList section */
		A982C344160392D400273C9D /* Build configuration list for PBXProject "aviary_sample" */ = {
			isa = XCConfigurationList;
			buildConfigurations = (
				A982C366160392D400273C9D /* Debug */,
				A982C367160392D400273C9D /* Release */,
			);
			defaultConfigurationIsVisible = 0;
			defaultConfigurationName = Release;
		};
		A982C368160392D400273C9D /* Build configuration list for PBXNativeTarget "aviary_sample" */ = {
			isa = XCConfigurationList;
			buildConfigurations = (
				A982C369160392D400273C9D /* Debug */,
				A982C36A160392D400273C9D /* Release */,
			);
			defaultConfigurationIsVisible = 0;
		};
/* End XCConfigurationList section */
	};
	rootObject = A982C341160392D400273C9D /* Project object */;
}
